// !$*UTF8*$!
{
	archiveVersion = 1;
	classes = {
	};
	objectVersion = 50;
	objects = {

/* Begin PBXBuildFile section */
		FF63192E23F0817D00278C32 /* AppDelegate.swift in Sources */ = {isa = PBXBuildFile; fileRef = FF63192D23F0817D00278C32 /* AppDelegate.swift */; };
		FF63193023F0817D00278C32 /* SceneDelegate.swift in Sources */ = {isa = PBXBuildFile; fileRef = FF63192F23F0817D00278C32 /* SceneDelegate.swift */; };
		FF63193223F0817D00278C32 /* ViewController.swift in Sources */ = {isa = PBXBuildFile; fileRef = FF63193123F0817D00278C32 /* ViewController.swift */; };
		FF63193523F0817D00278C32 /* Main.storyboard in Resources */ = {isa = PBXBuildFile; fileRef = FF63193323F0817D00278C32 /* Main.storyboard */; };
		FF63193723F0817D00278C32 /* Assets.xcassets in Resources */ = {isa = PBXBuildFile; fileRef = FF63193623F0817D00278C32 /* Assets.xcassets */; };
		FF63193A23F0817D00278C32 /* LaunchScreen.storyboard in Resources */ = {isa = PBXBuildFile; fileRef = FF63193823F0817D00278C32 /* LaunchScreen.storyboard */; };
		FF63194223F081D100278C32 /* Swift.pdf in Resources */ = {isa = PBXBuildFile; fileRef = FF63194123F081D100278C32 /* Swift.pdf */; };
/* End PBXBuildFile section */

/* Begin PBXFileReference section */
		FF63192A23F0817C00278C32 /* PDF View.app */ = {isa = PBXFileReference; explicitFileType = wrapper.application; includeInIndex = 0; path = "PDF View.app"; sourceTree = BUILT_PRODUCTS_DIR; };
		FF63192D23F0817D00278C32 /* AppDelegate.swift */ = {isa = PBXFileReference; lastKnownFileType = sourcecode.swift; path = AppDelegate.swift; sourceTree = "<group>"; };
		FF63192F23F0817D00278C32 /* SceneDelegate.swift */ = {isa = PBXFileReference; lastKnownFileType = sourcecode.swift; path = SceneDelegate.swift; sourceTree = "<group>"; };
		FF63193123F0817D00278C32 /* ViewController.swift */ = {isa = PBXFileReference; lastKnownFileType = sourcecode.swift; path = ViewController.swift; sourceTree = "<group>"; };
		FF63193423F0817D00278C32 /* Base */ = {isa = PBXFileReference; lastKnownFileType = file.storyboard; name = Base; path = Base.lproj/Main.storyboard; sourceTree = "<group>"; };
		FF63193623F0817D00278C32 /* Assets.xcassets */ = {isa = PBXFileReference; lastKnownFileType = folder.assetcatalog; path = Assets.xcassets; sourceTree = "<group>"; };
		FF63193923F0817D00278C32 /* Base */ = {isa = PBXFileReference; lastKnownFileType = file.storyboard; name = Base; path = Base.lproj/LaunchScreen.storyboard; sourceTree = "<group>"; };
		FF63193B23F0817D00278C32 /* Info.plist */ = {isa = PBXFileReference; lastKnownFileType = text.plist.xml; path = Info.plist; sourceTree = "<group>"; };
		FF63194123F081D100278C32 /* Swift.pdf */ = {isa = PBXFileReference; lastKnownFileType = image.pdf; path = Swift.pdf; sourceTree = "<group>"; };
/* End PBXFileReference section */

/* Begin PBXFrameworksBuildPhase section */
		FF63192723F0817C00278C32 /* Frameworks */ = {
			isa = PBXFrameworksBuildPhase;
			buildActionMask = 2147483647;
			files = (
			);
			runOnlyForDeploymentPostprocessing = 0;
		};
/* End PBXFrameworksBuildPhase section */

/* Begin PBXGroup section */
		FF63192123F0817C00278C32 = {
			isa = PBXGroup;
			children = (
				FF63192C23F0817D00278C32 /* PDF View */,
				FF63192B23F0817C00278C32 /* Products */,
			);
			sourceTree = "<group>";
		};
		FF63192B23F0817C00278C32 /* Products */ = {
			isa = PBXGroup;
			children = (
				FF63192A23F0817C00278C32 /* PDF View.app */,
			);
			name = Products;
			sourceTree = "<group>";
		};
		FF63192C23F0817D00278C32 /* PDF View */ = {
			isa = PBXGroup;
			children = (
				FF63192D23F0817D00278C32 /* AppDelegate.swift */,
				FF63192F23F0817D00278C32 /* SceneDelegate.swift */,
				FF63193123F0817D00278C32 /* ViewController.swift */,
				FF63193323F0817D00278C32 /* Main.storyboard */,
				FF63194123F081D100278C32 /* Swift.pdf */,
				FF63193623F0817D00278C32 /* Assets.xcassets */,
				FF63193823F0817D00278C32 /* LaunchScreen.storyboard */,
				FF63193B23F0817D00278C32 /* Info.plist */,
			);
			path = "PDF View";
			sourceTree = "<group>";
		};
/* End PBXGroup section */

/* Begin PBXNativeTarget section */
		FF63192923F0817C00278C32 /* PDF View */ = {
			isa = PBXNativeTarget;
			buildConfigurationList = FF63193E23F0817D00278C32 /* Build configuration list for PBXNativeTarget "PDF View" */;
			buildPhases = (
				FF63192623F0817C00278C32 /* Sources */,
				FF63192723F0817C00278C32 /* Frameworks */,
				FF63192823F0817C00278C32 /* Resources */,
			);
			buildRules = (
			);
			dependencies = (
			);
			name = "PDF View";
			productName = "PDF View";
			productReference = FF63192A23F0817C00278C32 /* PDF View.app */;
			productType = "com.apple.product-type.application";
		};
/* End PBXNativeTarget section */

/* Begin PBXProject section */
		FF63192223F0817C00278C32 /* Project object */ = {
			isa = PBXProject;
			attributes = {
				LastSwiftUpdateCheck = 1130;
				LastUpgradeCheck = 1130;
				ORGANIZATIONNAME = "Fahim Rahman";
				TargetAttributes = {
					FF63192923F0817C00278C32 = {
						CreatedOnToolsVersion = 11.3.1;
					};
				};
			};
			buildConfigurationList = FF63192523F0817C00278C32 /* Build configuration list for PBXProject "PDF View" */;
			compatibilityVersion = "Xcode 9.3";
			developmentRegion = en;
			hasScannedForEncodings = 0;
			knownRegions = (
				en,
				Base,
			);
			mainGroup = FF63192123F0817C00278C32;
			productRefGroup = FF63192B23F0817C00278C32 /* Products */;
			projectDirPath = "";
			projectRoot = "";
			targets = (
				FF63192923F0817C00278C32 /* PDF View */,
			);
		};
/* End PBXProject section */

/* Begin PBXResourcesBuildPhase section */
		FF63192823F0817C00278C32 /* Resources */ = {
			isa = PBXResourcesBuildPhase;
			buildActionMask = 2147483647;
			files = (
				FF63194223F081D100278C32 /* Swift.pdf in Resources */,
				FF63193A23F0817D00278C32 /* LaunchScreen.storyboard in Resources */,
				FF63193723F0817D00278C32 /* Assets.xcassets in Resources */,
				FF63193523F0817D00278C32 /* Main.storyboard in Resources */,
			);
			runOnlyForDeploymentPostprocessing = 0;
		};
/* End PBXResourcesBuildPhase section */

/* Begin PBXSourcesBuildPhase section */
		FF63192623F0817C00278C32 /* Sources */ = {
			isa = PBXSourcesBuildPhase;
			buildActionMask = 2147483647;
			files = (
				FF63193223F0817D00278C32 /* ViewController.swift in Sources */,
				FF63192E23F0817D00278C32 /* AppDelegate.swift in Sources */,
				FF63193023F0817D00278C32 /* SceneDelegate.swift in Sources */,
			);
			runOnlyForDeploymentPostprocessing = 0;
		};
/* End PBXSourcesBuildPhase section */

/* Begin PBXVariantGroup section */
		FF63193323F0817D00278C32 /* Main.storyboard */ = {
			isa = PBXVariantGroup;
			children = (
				FF63193423F0817D00278C32 /* Base */,
			);
			name = Main.storyboard;
			sourceTree = "<group>";
		};
		FF63193823F0817D00278C32 /* LaunchScreen.storyboard */ = {
			isa = PBXVariantGroup;
			children = (
				FF63193923F0817D00278C32 /* Base */,
			);
			name = LaunchScreen.storyboard;
			sourceTree = "<group>";
		};
/* End PBXVariantGroup section */

/* Begin XCBuildConfiguration section */
		FF63193C23F0817D00278C32 /* Debug */ = {
			isa = XCBuildConfiguration;
			buildSettings = {
				ALWAYS_SEARCH_USER_PATHS = NO;
				CLANG_ANALYZER_NONNULL = YES;
				CLANG_ANALYZER_NUMBER_OBJECT_CONVERSION = YES_AGGRESSIVE;
				CLANG_CXX_LANGUAGE_STANDARD = "gnu++14";
				CLANG_CXX_LIBRARY = "libc++";
				CLANG_ENABLE_MODULES = YES;
				CLANG_ENABLE_OBJC_ARC = YES;
				CLANG_ENABLE_OBJC_WEAK = YES;
				CLANG_WARN_BLOCK_CAPTURE_AUTORELEASING = YES;
				CLANG_WARN_BOOL_CONVERSION = YES;
				CLANG_WARN_COMMA = YES;
				CLANG_WARN_CONSTANT_CONVERSION = YES;
				CLANG_WARN_DEPRECATED_OBJC_IMPLEMENTATIONS = YES;
				CLANG_WARN_DIRECT_OBJC_ISA_USAGE = YES_ERROR;
				CLANG_WARN_DOCUMENTATION_COMMENTS = YES;
				CLANG_WARN_EMPTY_BODY = YES;
				CLANG_WARN_ENUM_CONVERSION = YES;
				CLANG_WARN_INFINITE_RECURSION = YES;
				CLANG_WARN_INT_CONVERSION = YES;
				CLANG_WARN_NON_LITERAL_NULL_CONVERSION = YES;
				CLANG_WARN_OBJC_IMPLICIT_RETAIN_SELF = YES;
				CLANG_WARN_OBJC_LITERAL_CONVERSION = YES;
				CLANG_WARN_OBJC_ROOT_CLASS = YES_ERROR;
				CLANG_WARN_RANGE_LOOP_ANALYSIS = YES;
				CLANG_WARN_STRICT_PROTOTYPES = YES;
				CLANG_WARN_SUSPICIOUS_MOVE = YES;
				CLANG_WARN_UNGUARDED_AVAILABILITY = YES_AGGRESSIVE;
				CLANG_WARN_UNREACHABLE_CODE = YES;
				CLANG_WARN__DUPLICATE_METHOD_MATCH = YES;
				COPY_PHASE_STRIP = NO;
				DEBUG_INFORMATION_FORMAT = dwarf;
				ENABLE_STRICT_OBJC_MSGSEND = YES;
				ENABLE_TESTABILITY = YES;
				GCC_C_LANGUAGE_STANDARD = gnu11;
				GCC_DYNAMIC_NO_PIC = NO;
				GCC_NO_COMMON_BLOCKS = YES;
				GCC_OPTIMIZATION_LEVEL = 0;
				GCC_PREPROCESSOR_DEFINITIONS = (
					"DEBUG=1",
					"$(inherited)",
				);
				GCC_WARN_64_TO_32_BIT_CONVERSION = YES;
				GCC_WARN_ABOUT_RETURN_TYPE = YES_ERROR;
				GCC_WARN_UNDECLARED_SELECTOR = YES;
				GCC_WARN_UNINITIALIZED_AUTOS = YES_AGGRESSIVE;
				GCC_WARN_UNUSED_FUNCTION = YES;
				GCC_WARN_UNUSED_VARIABLE = YES;
				IPHONEOS_DEPLOYMENT_TARGET = 13.2;
				MTL_ENABLE_DEBUG_INFO = INCLUDE_SOURCE;
				MTL_FAST_MATH = YES;
				ONLY_ACTIVE_ARCH = YES;
				SDKROOT = iphoneos;
				SWIFT_ACTIVE_COMPILATION_CONDITIONS = DEBUG;
				SWIFT_OPTIMIZATION_LEVEL = "-Onone";
			};
			name = Debug;
		};
		FF63193D23F0817D00278C32 /* Release */ = {
			isa = XCBuildConfiguration;
			buildSettings = {
				ALWAYS_SEARCH_USER_PATHS = NO;
				CLANG_ANALYZER_NONNULL = YES;
				CLANG_ANALYZER_NUMBER_OBJECT_CONVERSION = YES_AGGRESSIVE;
				CLANG_CXX_LANGUAGE_STANDARD = "gnu++14";
				CLANG_CXX_LIBRARY = "libc++";
				CLANG_ENABLE_MODULES = YES;
				CLANG_ENABLE_OBJC_ARC = YES;
				CLANG_ENABLE_OBJC_WEAK = YES;
				CLANG_WARN_BLOCK_CAPTURE_AUTORELEASING = YES;
				CLANG_WARN_BOOL_CONVERSION = YES;
				CLANG_WARN_COMMA = YES;
				CLANG_WARN_CONSTANT_CONVERSION = YES;
				CLANG_WARN_DEPRECATED_OBJC_IMPLEMENTATIONS = YES;
				CLANG_WARN_DIRECT_OBJC_ISA_USAGE = YES_ERROR;
				CLANG_WARN_DOCUMENTATION_COMMENTS = YES;
				CLANG_WARN_EMPTY_BODY = YES;
				CLANG_WARN_ENUM_CONVERSION = YES;
				CLANG_WARN_INFINITE_RECURSION = YES;
				CLANG_WARN_INT_CONVERSION = YES;
				CLANG_WARN_NON_LITERAL_NULL_CONVERSION = YES;
				CLANG_WARN_OBJC_IMPLICIT_RETAIN_SELF = YES;
				CLANG_WARN_OBJC_LITERAL_CONVERSION = YES;
				CLANG_WARN_OBJC_ROOT_CLASS = YES_ERROR;
				CLANG_WARN_RANGE_LOOP_ANALYSIS = YES;
				CLANG_WARN_STRICT_PROTOTYPES = YES;
				CLANG_WARN_SUSPICIOUS_MOVE = YES;
				CLANG_WARN_UNGUARDED_AVAILABILITY = YES_AGGRESSIVE;
				CLANG_WARN_UNREACHABLE_CODE = YES;
				CLANG_WARN__DUPLICATE_METHOD_MATCH = YES;
				COPY_PHASE_STRIP = NO;
				DEBUG_INFORMATION_FORMAT = "dwarf-with-dsym";
				ENABLE_NS_ASSERTIONS = NO;
				ENABLE_STRICT_OBJC_MSGSEND = YES;
				GCC_C_LANGUAGE_STANDARD = gnu11;
				GCC_NO_COMMON_BLOCKS = YES;
				GCC_WARN_64_TO_32_BIT_CONVERSION = YES;
				GCC_WARN_ABOUT_RETURN_TYPE = YES_ERROR;
				GCC_WARN_UNDECLARED_SELECTOR = YES;
				GCC_WARN_UNINITIALIZED_AUTOS = YES_AGGRESSIVE;
				GCC_WARN_UNUSED_FUNCTION = YES;
				GCC_WARN_UNUSED_VARIABLE = YES;
				IPHONEOS_DEPLOYMENT_TARGET = 13.2;
				MTL_ENABLE_DEBUG_INFO = NO;
				MTL_FAST_MATH = YES;
				SDKROOT = iphoneos;
				SWIFT_COMPILATION_MODE = wholemodule;
				SWIFT_OPTIMIZATION_LEVEL = "-O";
				VALIDATE_PRODUCT = YES;
			};
			name = Release;
		};
		FF63193F23F0817D00278C32 /* Debug */ = {
			isa = XCBuildConfiguration;
			buildSettings = {
				ASSETCATALOG_COMPILER_APPICON_NAME = AppIcon;
				CODE_SIGN_STYLE = Automatic;
				DEVELOPMENT_TEAM = S587T76P6H;
				INFOPLIST_FILE = "PDF View/Info.plist";
				LD_RUNPATH_SEARCH_PATHS = (
					"$(inherited)",
					"@executable_path/Frameworks",
				);
				PRODUCT_BUNDLE_IDENTIFIER = "com.fahimrahman.PDF-View";
				PRODUCT_NAME = "$(TARGET_NAME)";
				SWIFT_VERSION = 5.0;
				TARGETED_DEVICE_FAMILY = "1,2";
			};
			name = Debug;
		};
		FF63194023F0817D00278C32 /* Release */ = {
			isa = XCBuildConfiguration;
			buildSettings = {
				ASSETCATALOG_COMPILER_APPICON_NAME = AppIcon;
				CODE_SIGN_STYLE = Automatic;
				DEVELOPMENT_TEAM = S587T76P6H;
				INFOPLIST_FILE = "PDF View/Info.plist";
				LD_RUNPATH_SEARCH_PATHS = (
					"$(inherited)",
					"@executable_path/Frameworks",
				);
				PRODUCT_BUNDLE_IDENTIFIER = "com.fahimrahman.PDF-View";
				PRODUCT_NAME = "$(TARGET_NAME)";
				SWIFT_VERSION = 5.0;
				TARGETED_DEVICE_FAMILY = "1,2";
			};
			name = Release;
		};
/* End XCBuildConfiguration section */

/* Begin XCConfigurationList section */
		FF63192523F0817C00278C32 /* Build configuration list for PBXProject "PDF View" */ = {
			isa = XCConfigurationList;
			buildConfigurations = (
				FF63193C23F0817D00278C32 /* Debug */,
				FF63193D23F0817D00278C32 /* Release */,
			);
			defaultConfigurationIsVisible = 0;
			defaultConfigurationName = Release;
		};
		FF63193E23F0817D00278C32 /* Build configuration list for PBXNativeTarget "PDF View" */ = {
			isa = XCConfigurationList;
			buildConfigurations = (
				FF63193F23F0817D00278C32 /* Debug */,
				FF63194023F0817D00278C32 /* Release */,
			);
			defaultConfigurationIsVisible = 0;
			defaultConfigurationName = Release;
		};
/* End XCConfigurationList section */
	};
	rootObject = FF63192223F0817C00278C32 /* Project object */;
}
